// !$*UTF8*$!
{
	archiveVersion = 1;
	classes = {
	};
	objectVersion = 50;
	objects = {

/* Begin PBXBuildFile section */
		17F022E4229307D1000C4B6A /* AppDelegate.m in Sources */ = {isa = PBXBuildFile; fileRef = 17F022E3229307D1000C4B6A /* AppDelegate.m */; };
		17F022EA229307D1000C4B6A /* Main.storyboard in Resources */ = {isa = PBXBuildFile; fileRef = 17F022E8229307D1000C4B6A /* Main.storyboard */; };
		17F022ED229307D1000C4B6A /* PlaylistObjC.xcdatamodeld in Sources */ = {isa = PBXBuildFile; fileRef = 17F022EB229307D1000C4B6A /* PlaylistObjC.xcdatamodeld */; };
		17F022EF229307D2000C4B6A /* Assets.xcassets in Resources */ = {isa = PBXBuildFile; fileRef = 17F022EE229307D2000C4B6A /* Assets.xcassets */; };
		17F022F2229307D2000C4B6A /* LaunchScreen.storyboard in Resources */ = {isa = PBXBuildFile; fileRef = 17F022F0229307D2000C4B6A /* LaunchScreen.storyboard */; };
		17F022F5229307D2000C4B6A /* main.m in Sources */ = {isa = PBXBuildFile; fileRef = 17F022F4229307D2000C4B6A /* main.m */; };
		17F022FD22930BCF000C4B6A /* HAJSong.m in Sources */ = {isa = PBXBuildFile; fileRef = 17F022FC22930BCF000C4B6A /* HAJSong.m */; };
		17F0230022930C2E000C4B6A /* HAJPlaylist.m in Sources */ = {isa = PBXBuildFile; fileRef = 17F022FF22930C2E000C4B6A /* HAJPlaylist.m */; };
		17F02304229316B2000C4B6A /* HAJPlaylistController.m in Sources */ = {isa = PBXBuildFile; fileRef = 17F02303229316B2000C4B6A /* HAJPlaylistController.m */; };
		17F0230822932259000C4B6A /* HAJPlaylistListTableViewController.m in Sources */ = {isa = PBXBuildFile; fileRef = 17F0230722932259000C4B6A /* HAJPlaylistListTableViewController.m */; };
		17F0230C22933AA7000C4B6A /* HAJDetailTableViewController.m in Sources */ = {isa = PBXBuildFile; fileRef = 17F0230B22933AA7000C4B6A /* HAJDetailTableViewController.m */; };
/* End PBXBuildFile section */

/* Begin PBXFileReference section */
		17F022DF229307D1000C4B6A /* PlaylistObjC.app */ = {isa = PBXFileReference; explicitFileType = wrapper.application; includeInIndex = 0; path = PlaylistObjC.app; sourceTree = BUILT_PRODUCTS_DIR; };
		17F022E2229307D1000C4B6A /* AppDelegate.h */ = {isa = PBXFileReference; lastKnownFileType = sourcecode.c.h; path = AppDelegate.h; sourceTree = "<group>"; };
		17F022E3229307D1000C4B6A /* AppDelegate.m */ = {isa = PBXFileReference; lastKnownFileType = sourcecode.c.objc; path = AppDelegate.m; sourceTree = "<group>"; };
		17F022E9229307D1000C4B6A /* Base */ = {isa = PBXFileReference; lastKnownFileType = file.storyboard; name = Base; path = Base.lproj/Main.storyboard; sourceTree = "<group>"; };
		17F022EC229307D1000C4B6A /* PlaylistObjC.xcdatamodel */ = {isa = PBXFileReference; lastKnownFileType = wrapper.xcdatamodel; path = PlaylistObjC.xcdatamodel; sourceTree = "<group>"; };
		17F022EE229307D2000C4B6A /* Assets.xcassets */ = {isa = PBXFileReference; lastKnownFileType = folder.assetcatalog; path = Assets.xcassets; sourceTree = "<group>"; };
		17F022F1229307D2000C4B6A /* Base */ = {isa = PBXFileReference; lastKnownFileType = file.storyboard; name = Base; path = Base.lproj/LaunchScreen.storyboard; sourceTree = "<group>"; };
		17F022F3229307D2000C4B6A /* Info.plist */ = {isa = PBXFileReference; lastKnownFileType = text.plist.xml; path = Info.plist; sourceTree = "<group>"; };
		17F022F4229307D2000C4B6A /* main.m */ = {isa = PBXFileReference; lastKnownFileType = sourcecode.c.objc; path = main.m; sourceTree = "<group>"; };
		17F022FB22930BCF000C4B6A /* HAJSong.h */ = {isa = PBXFileReference; lastKnownFileType = sourcecode.c.h; path = HAJSong.h; sourceTree = "<group>"; };
		17F022FC22930BCF000C4B6A /* HAJSong.m */ = {isa = PBXFileReference; lastKnownFileType = sourcecode.c.objc; path = HAJSong.m; sourceTree = "<group>"; };
		17F022FE22930C2E000C4B6A /* HAJPlaylist.h */ = {isa = PBXFileReference; lastKnownFileType = sourcecode.c.h; path = HAJPlaylist.h; sourceTree = "<group>"; };
		17F022FF22930C2E000C4B6A /* HAJPlaylist.m */ = {isa = PBXFileReference; lastKnownFileType = sourcecode.c.objc; path = HAJPlaylist.m; sourceTree = "<group>"; };
		17F02302229316B2000C4B6A /* HAJPlaylistController.h */ = {isa = PBXFileReference; lastKnownFileType = sourcecode.c.h; path = HAJPlaylistController.h; sourceTree = "<group>"; };
		17F02303229316B2000C4B6A /* HAJPlaylistController.m */ = {isa = PBXFileReference; lastKnownFileType = sourcecode.c.objc; path = HAJPlaylistController.m; sourceTree = "<group>"; };
		17F0230622932259000C4B6A /* HAJPlaylistListTableViewController.h */ = {isa = PBXFileReference; lastKnownFileType = sourcecode.c.h; path = HAJPlaylistListTableViewController.h; sourceTree = "<group>"; };
		17F0230722932259000C4B6A /* HAJPlaylistListTableViewController.m */ = {isa = PBXFileReference; lastKnownFileType = sourcecode.c.objc; path = HAJPlaylistListTableViewController.m; sourceTree = "<group>"; };
		17F0230A22933AA7000C4B6A /* HAJDetailTableViewController.h */ = {isa = PBXFileReference; lastKnownFileType = sourcecode.c.h; path = HAJDetailTableViewController.h; sourceTree = "<group>"; };
		17F0230B22933AA7000C4B6A /* HAJDetailTableViewController.m */ = {isa = PBXFileReference; lastKnownFileType = sourcecode.c.objc; path = HAJDetailTableViewController.m; sourceTree = "<group>"; };
/* End PBXFileReference section */

/* Begin PBXFrameworksBuildPhase section */
		17F022DC229307D1000C4B6A /* Frameworks */ = {
			isa = PBXFrameworksBuildPhase;
			buildActionMask = 2147483647;
			files = (
			);
			runOnlyForDeploymentPostprocessing = 0;
		};
/* End PBXFrameworksBuildPhase section */

/* Begin PBXGroup section */
		17F022D6229307D1000C4B6A = {
			isa = PBXGroup;
			children = (
				17F022E1229307D1000C4B6A /* PlaylistObjC */,
				17F022E0229307D1000C4B6A /* Products */,
			);
			sourceTree = "<group>";
		};
		17F022E0229307D1000C4B6A /* Products */ = {
			isa = PBXGroup;
			children = (
				17F022DF229307D1000C4B6A /* PlaylistObjC.app */,
			);
			name = Products;
			sourceTree = "<group>";
		};
		17F022E1229307D1000C4B6A /* PlaylistObjC */ = {
			isa = PBXGroup;
			children = (
				17F022E2229307D1000C4B6A /* AppDelegate.h */,
				17F0230922932288000C4B6A /* View Controllers */,
				17F02305229316BA000C4B6A /* Model Controllers */,
				17F0230122930C37000C4B6A /* Model */,
				17F022E3229307D1000C4B6A /* AppDelegate.m */,
				17F022E8229307D1000C4B6A /* Main.storyboard */,
				17F022EE229307D2000C4B6A /* Assets.xcassets */,
				17F022F0229307D2000C4B6A /* LaunchScreen.storyboard */,
				17F022F3229307D2000C4B6A /* Info.plist */,
				17F022F4229307D2000C4B6A /* main.m */,
				17F022EB229307D1000C4B6A /* PlaylistObjC.xcdatamodeld */,
			);
			path = PlaylistObjC;
			sourceTree = "<group>";
		};
		17F0230122930C37000C4B6A /* Model */ = {
			isa = PBXGroup;
			children = (
				17F022FE22930C2E000C4B6A /* HAJPlaylist.h */,
				17F022FF22930C2E000C4B6A /* HAJPlaylist.m */,
				17F022FB22930BCF000C4B6A /* HAJSong.h */,
				17F022FC22930BCF000C4B6A /* HAJSong.m */,
			);
			path = Model;
			sourceTree = "<group>";
		};
		17F02305229316BA000C4B6A /* Model Controllers */ = {
			isa = PBXGroup;
			children = (
				17F02302229316B2000C4B6A /* HAJPlaylistController.h */,
				17F02303229316B2000C4B6A /* HAJPlaylistController.m */,
			);
			path = "Model Controllers";
			sourceTree = "<group>";
		};
		17F0230922932288000C4B6A /* View Controllers */ = {
			isa = PBXGroup;
			children = (
				17F0230622932259000C4B6A /* HAJPlaylistListTableViewController.h */,
				17F0230722932259000C4B6A /* HAJPlaylistListTableViewController.m */,
				17F0230A22933AA7000C4B6A /* HAJDetailTableViewController.h */,
				17F0230B22933AA7000C4B6A /* HAJDetailTableViewController.m */,
			);
			path = "View Controllers";
			sourceTree = "<group>";
		};
/* End PBXGroup section */

/* Begin PBXNativeTarget section */
		17F022DE229307D1000C4B6A /* PlaylistObjC */ = {
			isa = PBXNativeTarget;
			buildConfigurationList = 17F022F8229307D2000C4B6A /* Build configuration list for PBXNativeTarget "PlaylistObjC" */;
			buildPhases = (
				17F022DB229307D1000C4B6A /* Sources */,
				17F022DC229307D1000C4B6A /* Frameworks */,
				17F022DD229307D1000C4B6A /* Resources */,
			);
			buildRules = (
			);
			dependencies = (
			);
			name = PlaylistObjC;
			productName = PlaylistObjC;
			productReference = 17F022DF229307D1000C4B6A /* PlaylistObjC.app */;
			productType = "com.apple.product-type.application";
		};
/* End PBXNativeTarget section */

/* Begin PBXProject section */
		17F022D7229307D1000C4B6A /* Project object */ = {
			isa = PBXProject;
			attributes = {
				CLASSPREFIX = HAJ;
				LastUpgradeCheck = 1020;
				ORGANIZATIONNAME = HaleyJones;
				TargetAttributes = {
					17F022DE229307D1000C4B6A = {
						CreatedOnToolsVersion = 10.2.1;
					};
				};
			};
			buildConfigurationList = 17F022DA229307D1000C4B6A /* Build configuration list for PBXProject "PlaylistObjC" */;
			compatibilityVersion = "Xcode 9.3";
			developmentRegion = en;
			hasScannedForEncodings = 0;
			knownRegions = (
				en,
				Base,
			);
			mainGroup = 17F022D6229307D1000C4B6A;
			productRefGroup = 17F022E0229307D1000C4B6A /* Products */;
			projectDirPath = "";
			projectRoot = "";
			targets = (
				17F022DE229307D1000C4B6A /* PlaylistObjC */,
			);
		};
/* End PBXProject section */

/* Begin PBXResourcesBuildPhase section */
		17F022DD229307D1000C4B6A /* Resources */ = {
			isa = PBXResourcesBuildPhase;
			buildActionMask = 2147483647;
			files = (
				17F022F2229307D2000C4B6A /* LaunchScreen.storyboard in Resources */,
				17F022EF229307D2000C4B6A /* Assets.xcassets in Resources */,
				17F022EA229307D1000C4B6A /* Main.storyboard in Resources */,
			);
			runOnlyForDeploymentPostprocessing = 0;
		};
/* End PBXResourcesBuildPhase section */

/* Begin PBXSourcesBuildPhase section */
		17F022DB229307D1000C4B6A /* Sources */ = {
			isa = PBXSourcesBuildPhase;
			buildActionMask = 2147483647;
			files = (
				17F022E4229307D1000C4B6A /* AppDelegate.m in Sources */,
				17F0230022930C2E000C4B6A /* HAJPlaylist.m in Sources */,
				17F022F5229307D2000C4B6A /* main.m in Sources */,
				17F022FD22930BCF000C4B6A /* HAJSong.m in Sources */,
				17F022ED229307D1000C4B6A /* PlaylistObjC.xcdatamodeld in Sources */,
				17F0230822932259000C4B6A /* HAJPlaylistListTableViewController.m in Sources */,
				17F0230C22933AA7000C4B6A /* HAJDetailTableViewController.m in Sources */,
				17F02304229316B2000C4B6A /* HAJPlaylistController.m in Sources */,
			);
			runOnlyForDeploymentPostprocessing = 0;
		};
/* End PBXSourcesBuildPhase section */

/* Begin PBXVariantGroup section */
		17F022E8229307D1000C4B6A /* Main.storyboard */ = {
			isa = PBXVariantGroup;
			children = (
				17F022E9229307D1000C4B6A /* Base */,
			);
			name = Main.storyboard;
			sourceTree = "<group>";
		};
		17F022F0229307D2000C4B6A /* LaunchScreen.storyboard */ = {
			isa = PBXVariantGroup;
			children = (
				17F022F1229307D2000C4B6A /* Base */,
			);
			name = LaunchScreen.storyboard;
			sourceTree = "<group>";
		};
/* End PBXVariantGroup section */

/* Begin XCBuildConfiguration section */
		17F022F6229307D2000C4B6A /* Debug */ = {
			isa = XCBuildConfiguration;
			buildSettings = {
				ALWAYS_SEARCH_USER_PATHS = NO;
				CLANG_ANALYZER_NONNULL = YES;
				CLANG_ANALYZER_NUMBER_OBJECT_CONVERSION = YES_AGGRESSIVE;
				CLANG_CXX_LANGUAGE_STANDARD = "gnu++14";
				CLANG_CXX_LIBRARY = "libc++";
				CLANG_ENABLE_MODULES = YES;
				CLANG_ENABLE_OBJC_ARC = YES;
				CLANG_ENABLE_OBJC_WEAK = YES;
				CLANG_WARN_BLOCK_CAPTURE_AUTORELEASING = YES;
				CLANG_WARN_BOOL_CONVERSION = YES;
				CLANG_WARN_COMMA = YES;
				CLANG_WARN_CONSTANT_CONVERSION = YES;
				CLANG_WARN_DEPRECATED_OBJC_IMPLEMENTATIONS = YES;
				CLANG_WARN_DIRECT_OBJC_ISA_USAGE = YES_ERROR;
				CLANG_WARN_DOCUMENTATION_COMMENTS = YES;
				CLANG_WARN_EMPTY_BODY = YES;
				CLANG_WARN_ENUM_CONVERSION = YES;
				CLANG_WARN_INFINITE_RECURSION = YES;
				CLANG_WARN_INT_CONVERSION = YES;
				CLANG_WARN_NON_LITERAL_NULL_CONVERSION = YES;
				CLANG_WARN_OBJC_IMPLICIT_RETAIN_SELF = YES;
				CLANG_WARN_OBJC_LITERAL_CONVERSION = YES;
				CLANG_WARN_OBJC_ROOT_CLASS = YES_ERROR;
				CLANG_WARN_RANGE_LOOP_ANALYSIS = YES;
				CLANG_WARN_STRICT_PROTOTYPES = YES;
				CLANG_WARN_SUSPICIOUS_MOVE = YES;
				CLANG_WARN_UNGUARDED_AVAILABILITY = YES_AGGRESSIVE;
				CLANG_WARN_UNREACHABLE_CODE = YES;
				CLANG_WARN__DUPLICATE_METHOD_MATCH = YES;
				CODE_SIGN_IDENTITY = "iPhone Developer";
				COPY_PHASE_STRIP = NO;
				DEBUG_INFORMATION_FORMAT = dwarf;
				ENABLE_STRICT_OBJC_MSGSEND = YES;
				ENABLE_TESTABILITY = YES;
				GCC_C_LANGUAGE_STANDARD = gnu11;
				GCC_DYNAMIC_NO_PIC = NO;
				GCC_NO_COMMON_BLOCKS = YES;
				GCC_OPTIMIZATION_LEVEL = 0;
				GCC_PREPROCESSOR_DEFINITIONS = (
					"DEBUG=1",
					"$(inherited)",
				);
				GCC_WARN_64_TO_32_BIT_CONVERSION = YES;
				GCC_WARN_ABOUT_RETURN_TYPE = YES_ERROR;
				GCC_WARN_UNDECLARED_SELECTOR = YES;
				GCC_WARN_UNINITIALIZED_AUTOS = YES_AGGRESSIVE;
				GCC_WARN_UNUSED_FUNCTION = YES;
				GCC_WARN_UNUSED_VARIABLE = YES;
				IPHONEOS_DEPLOYMENT_TARGET = 12.2;
				MTL_ENABLE_DEBUG_INFO = INCLUDE_SOURCE;
				MTL_FAST_MATH = YES;
				ONLY_ACTIVE_ARCH = YES;
				SDKROOT = iphoneos;
			};
			name = Debug;
		};
		17F022F7229307D2000C4B6A /* Release */ = {
			isa = XCBuildConfiguration;
			buildSettings = {
				ALWAYS_SEARCH_USER_PATHS = NO;
				CLANG_ANALYZER_NONNULL = YES;
				CLANG_ANALYZER_NUMBER_OBJECT_CONVERSION = YES_AGGRESSIVE;
				CLANG_CXX_LANGUAGE_STANDARD = "gnu++14";
				CLANG_CXX_LIBRARY = "libc++";
				CLANG_ENABLE_MODULES = YES;
				CLANG_ENABLE_OBJC_ARC = YES;
				CLANG_ENABLE_OBJC_WEAK = YES;
				CLANG_WARN_BLOCK_CAPTURE_AUTORELEASING = YES;
				CLANG_WARN_BOOL_CONVERSION = YES;
				CLANG_WARN_COMMA = YES;
				CLANG_WARN_CONSTANT_CONVERSION = YES;
				CLANG_WARN_DEPRECATED_OBJC_IMPLEMENTATIONS = YES;
				CLANG_WARN_DIRECT_OBJC_ISA_USAGE = YES_ERROR;
				CLANG_WARN_DOCUMENTATION_COMMENTS = YES;
				CLANG_WARN_EMPTY_BODY = YES;
				CLANG_WARN_ENUM_CONVERSION = YES;
				CLANG_WARN_INFINITE_RECURSION = YES;
				CLANG_WARN_INT_CONVERSION = YES;
				CLANG_WARN_NON_LITERAL_NULL_CONVERSION = YES;
				CLANG_WARN_OBJC_IMPLICIT_RETAIN_SELF = YES;
				CLANG_WARN_OBJC_LITERAL_CONVERSION = YES;
				CLANG_WARN_OBJC_ROOT_CLASS = YES_ERROR;
				CLANG_WARN_RANGE_LOOP_ANALYSIS = YES;
				CLANG_WARN_STRICT_PROTOTYPES = YES;
				CLANG_WARN_SUSPICIOUS_MOVE = YES;
				CLANG_WARN_UNGUARDED_AVAILABILITY = YES_AGGRESSIVE;
				CLANG_WARN_UNREACHABLE_CODE = YES;
				CLANG_WARN__DUPLICATE_METHOD_MATCH = YES;
				CODE_SIGN_IDENTITY = "iPhone Developer";
				COPY_PHASE_STRIP = NO;
				DEBUG_INFORMATION_FORMAT = "dwarf-with-dsym";
				ENABLE_NS_ASSERTIONS = NO;
				ENABLE_STRICT_OBJC_MSGSEND = YES;
				GCC_C_LANGUAGE_STANDARD = gnu11;
				GCC_NO_COMMON_BLOCKS = YES;
				GCC_WARN_64_TO_32_BIT_CONVERSION = YES;
				GCC_WARN_ABOUT_RETURN_TYPE = YES_ERROR;
				GCC_WARN_UNDECLARED_SELECTOR = YES;
				GCC_WARN_UNINITIALIZED_AUTOS = YES_AGGRESSIVE;
				GCC_WARN_UNUSED_FUNCTION = YES;
				GCC_WARN_UNUSED_VARIABLE = YES;
				IPHONEOS_DEPLOYMENT_TARGET = 12.2;
				MTL_ENABLE_DEBUG_INFO = NO;
				MTL_FAST_MATH = YES;
				SDKROOT = iphoneos;
				VALIDATE_PRODUCT = YES;
			};
			name = Release;
		};
		17F022F9229307D2000C4B6A /* Debug */ = {
			isa = XCBuildConfiguration;
			buildSettings = {
				ASSETCATALOG_COMPILER_APPICON_NAME = AppIcon;
				CODE_SIGN_STYLE = Automatic;
				DEVELOPMENT_TEAM = 39YHWYH93Z;
				INFOPLIST_FILE = PlaylistObjC/Info.plist;
				LD_RUNPATH_SEARCH_PATHS = (
					"$(inherited)",
					"@executable_path/Frameworks",
				);
				PRODUCT_BUNDLE_IDENTIFIER = com.HaleyJones.PlaylistObjC;
				PRODUCT_NAME = "$(TARGET_NAME)";
				TARGETED_DEVICE_FAMILY = "1,2";
			};
			name = Debug;
		};
		17F022FA229307D2000C4B6A /* Release */ = {
			isa = XCBuildConfiguration;
			buildSettings = {
				ASSETCATALOG_COMPILER_APPICON_NAME = AppIcon;
				CODE_SIGN_STYLE = Automatic;
				DEVELOPMENT_TEAM = 39YHWYH93Z;
				INFOPLIST_FILE = PlaylistObjC/Info.plist;
				LD_RUNPATH_SEARCH_PATHS = (
					"$(inherited)",
					"@executable_path/Frameworks",
				);
				PRODUCT_BUNDLE_IDENTIFIER = com.HaleyJones.PlaylistObjC;
				PRODUCT_NAME = "$(TARGET_NAME)";
				TARGETED_DEVICE_FAMILY = "1,2";
			};
			name = Release;
		};
/* End XCBuildConfiguration section */

/* Begin XCConfigurationList section */
		17F022DA229307D1000C4B6A /* Build configuration list for PBXProject "PlaylistObjC" */ = {
			isa = XCConfigurationList;
			buildConfigurations = (
				17F022F6229307D2000C4B6A /* Debug */,
				17F022F7229307D2000C4B6A /* Release */,
			);
			defaultConfigurationIsVisible = 0;
			defaultConfigurationName = Release;
		};
		17F022F8229307D2000C4B6A /* Build configuration list for PBXNativeTarget "PlaylistObjC" */ = {
			isa = XCConfigurationList;
			buildConfigurations = (
				17F022F9229307D2000C4B6A /* Debug */,
				17F022FA229307D2000C4B6A /* Release */,
			);
			defaultConfigurationIsVisible = 0;
			defaultConfigurationName = Release;
		};
/* End XCConfigurationList section */

/* Begin XCVersionGroup section */
		17F022EB229307D1000C4B6A /* PlaylistObjC.xcdatamodeld */ = {
			isa = XCVersionGroup;
			children = (
				17F022EC229307D1000C4B6A /* PlaylistObjC.xcdatamodel */,
			);
			currentVersion = 17F022EC229307D1000C4B6A /* PlaylistObjC.xcdatamodel */;
			path = PlaylistObjC.xcdatamodeld;
			sourceTree = "<group>";
			versionGroupType = wrapper.xcdatamodel;
		};
/* End XCVersionGroup section */
	};
	rootObject = 17F022D7229307D1000C4B6A /* Project object */;
}
